// !$*UTF8*$!
{
	archiveVersion = 1;
	classes = {
	};
	objectVersion = 46;
	objects = {

/* Begin PBXBuildFile section */
		5115C0411C3972350016B34A /* Main.storyboard in Resources */ = {isa = PBXBuildFile; fileRef = 5115C0401C3972350016B34A /* Main.storyboard */; };
		5115C0431C3972910016B34A /* HappinessViewController.swift in Sources */ = {isa = PBXBuildFile; fileRef = 5115C0421C3972910016B34A /* HappinessViewController.swift */; };
		5115C0451C3973940016B34A /* FaceView.swift in Sources */ = {isa = PBXBuildFile; fileRef = 5115C0441C3973940016B34A /* FaceView.swift */; };
		5169B1361C39719C0073D35D /* AppDelegate.swift in Sources */ = {isa = PBXBuildFile; fileRef = 5169B1351C39719C0073D35D /* AppDelegate.swift */; };
		5169B13D1C39719C0073D35D /* Assets.xcassets in Resources */ = {isa = PBXBuildFile; fileRef = 5169B13C1C39719C0073D35D /* Assets.xcassets */; };
		5169B1401C39719C0073D35D /* LaunchScreen.storyboard in Resources */ = {isa = PBXBuildFile; fileRef = 5169B13E1C39719C0073D35D /* LaunchScreen.storyboard */; };
		5169B14B1C39719C0073D35D /* HappinessTests.swift in Sources */ = {isa = PBXBuildFile; fileRef = 5169B14A1C39719C0073D35D /* HappinessTests.swift */; };
		5169B1561C39719C0073D35D /* HappinessUITests.swift in Sources */ = {isa = PBXBuildFile; fileRef = 5169B1551C39719C0073D35D /* HappinessUITests.swift */; };
/* End PBXBuildFile section */

/* Begin PBXContainerItemProxy section */
		5169B1471C39719C0073D35D /* PBXContainerItemProxy */ = {
			isa = PBXContainerItemProxy;
			containerPortal = 5169B12A1C39719C0073D35D /* Project object */;
			proxyType = 1;
			remoteGlobalIDString = 5169B1311C39719C0073D35D;
			remoteInfo = Happiness;
		};
		5169B1521C39719C0073D35D /* PBXContainerItemProxy */ = {
			isa = PBXContainerItemProxy;
			containerPortal = 5169B12A1C39719C0073D35D /* Project object */;
			proxyType = 1;
			remoteGlobalIDString = 5169B1311C39719C0073D35D;
			remoteInfo = Happiness;
		};
/* End PBXContainerItemProxy section */

/* Begin PBXFileReference section */
		5115C0401C3972350016B34A /* Main.storyboard */ = {isa = PBXFileReference; fileEncoding = 4; lastKnownFileType = file.storyboard; path = Main.storyboard; sourceTree = "<group>"; };
		5115C0421C3972910016B34A /* HappinessViewController.swift */ = {isa = PBXFileReference; fileEncoding = 4; lastKnownFileType = sourcecode.swift; path = HappinessViewController.swift; sourceTree = "<group>"; };
		5115C0441C3973940016B34A /* FaceView.swift */ = {isa = PBXFileReference; fileEncoding = 4; lastKnownFileType = sourcecode.swift; path = FaceView.swift; sourceTree = "<group>"; };
		5169B1321C39719C0073D35D /* Happiness.app */ = {isa = PBXFileReference; explicitFileType = wrapper.application; includeInIndex = 0; path = Happiness.app; sourceTree = BUILT_PRODUCTS_DIR; };
		5169B1351C39719C0073D35D /* AppDelegate.swift */ = {isa = PBXFileReference; lastKnownFileType = sourcecode.swift; path = AppDelegate.swift; sourceTree = "<group>"; };
		5169B13C1C39719C0073D35D /* Assets.xcassets */ = {isa = PBXFileReference; lastKnownFileType = folder.assetcatalog; path = Assets.xcassets; sourceTree = "<group>"; };
		5169B13F1C39719C0073D35D /* Base */ = {isa = PBXFileReference; lastKnownFileType = file.storyboard; name = Base; path = Base.lproj/LaunchScreen.storyboard; sourceTree = "<group>"; };
		5169B1411C39719C0073D35D /* Info.plist */ = {isa = PBXFileReference; lastKnownFileType = text.plist.xml; path = Info.plist; sourceTree = "<group>"; };
		5169B1461C39719C0073D35D /* HappinessTests.xctest */ = {isa = PBXFileReference; explicitFileType = wrapper.cfbundle; includeInIndex = 0; path = HappinessTests.xctest; sourceTree = BUILT_PRODUCTS_DIR; };
		5169B14A1C39719C0073D35D /* HappinessTests.swift */ = {isa = PBXFileReference; lastKnownFileType = sourcecode.swift; path = HappinessTests.swift; sourceTree = "<group>"; };
		5169B14C1C39719C0073D35D /* Info.plist */ = {isa = PBXFileReference; lastKnownFileType = text.plist.xml; path = Info.plist; sourceTree = "<group>"; };
		5169B1511C39719C0073D35D /* HappinessUITests.xctest */ = {isa = PBXFileReference; explicitFileType = wrapper.cfbundle; includeInIndex = 0; path = HappinessUITests.xctest; sourceTree = BUILT_PRODUCTS_DIR; };
		5169B1551C39719C0073D35D /* HappinessUITests.swift */ = {isa = PBXFileReference; lastKnownFileType = sourcecode.swift; path = HappinessUITests.swift; sourceTree = "<group>"; };
		5169B1571C39719C0073D35D /* Info.plist */ = {isa = PBXFileReference; lastKnownFileType = text.plist.xml; path = Info.plist; sourceTree = "<group>"; };
		51ADFC421C3AC25300F2E5A7 /* README.md */ = {isa = PBXFileReference; fileEncoding = 4; lastKnownFileType = net.daringfireball.markdown; path = README.md; sourceTree = "<group>"; };
/* End PBXFileReference section */

/* Begin PBXFrameworksBuildPhase section */
		5169B12F1C39719C0073D35D /* Frameworks */ = {
			isa = PBXFrameworksBuildPhase;
			buildActionMask = 2147483647;
			files = (
			);
			runOnlyForDeploymentPostprocessing = 0;
		};
		5169B1431C39719C0073D35D /* Frameworks */ = {
			isa = PBXFrameworksBuildPhase;
			buildActionMask = 2147483647;
			files = (
			);
			runOnlyForDeploymentPostprocessing = 0;
		};
		5169B14E1C39719C0073D35D /* Frameworks */ = {
			isa = PBXFrameworksBuildPhase;
			buildActionMask = 2147483647;
			files = (
			);
			runOnlyForDeploymentPostprocessing = 0;
		};
/* End PBXFrameworksBuildPhase section */

/* Begin PBXGroup section */
		5169B1291C39719C0073D35D = {
			isa = PBXGroup;
			children = (
				5169B1341C39719C0073D35D /* Happiness */,
				5169B1491C39719C0073D35D /* HappinessTests */,
				5169B1541C39719C0073D35D /* HappinessUITests */,
				5169B1331C39719C0073D35D /* Products */,
			);
			sourceTree = "<group>";
		};
		5169B1331C39719C0073D35D /* Products */ = {
			isa = PBXGroup;
			children = (
				5169B1321C39719C0073D35D /* Happiness.app */,
				5169B1461C39719C0073D35D /* HappinessTests.xctest */,
				5169B1511C39719C0073D35D /* HappinessUITests.xctest */,
			);
			name = Products;
			sourceTree = "<group>";
		};
		5169B1341C39719C0073D35D /* Happiness */ = {
			isa = PBXGroup;
			children = (
				5115C0421C3972910016B34A /* HappinessViewController.swift */,
				51ADFC421C3AC25300F2E5A7 /* README.md */,
				5115C0401C3972350016B34A /* Main.storyboard */,
				5115C0441C3973940016B34A /* FaceView.swift */,
				5169B1631C3971BD0073D35D /* Stuff */,
			);
			path = Happiness;
			sourceTree = "<group>";
		};
		5169B1491C39719C0073D35D /* HappinessTests */ = {
			isa = PBXGroup;
			children = (
				5169B14A1C39719C0073D35D /* HappinessTests.swift */,
				5169B14C1C39719C0073D35D /* Info.plist */,
			);
			path = HappinessTests;
			sourceTree = "<group>";
		};
		5169B1541C39719C0073D35D /* HappinessUITests */ = {
			isa = PBXGroup;
			children = (
				5169B1551C39719C0073D35D /* HappinessUITests.swift */,
				5169B1571C39719C0073D35D /* Info.plist */,
			);
			path = HappinessUITests;
			sourceTree = "<group>";
		};
		5169B1631C3971BD0073D35D /* Stuff */ = {
			isa = PBXGroup;
			children = (
				5169B1351C39719C0073D35D /* AppDelegate.swift */,
				5169B13C1C39719C0073D35D /* Assets.xcassets */,
				5169B13E1C39719C0073D35D /* LaunchScreen.storyboard */,
				5169B1411C39719C0073D35D /* Info.plist */,
			);
			name = Stuff;
			sourceTree = "<group>";
		};
/* End PBXGroup section */

/* Begin PBXNativeTarget section */
		5169B1311C39719C0073D35D /* Happiness */ = {
			isa = PBXNativeTarget;
			buildConfigurationList = 5169B15A1C39719C0073D35D /* Build configuration list for PBXNativeTarget "Happiness" */;
			buildPhases = (
				5169B12E1C39719C0073D35D /* Sources */,
				5169B12F1C39719C0073D35D /* Frameworks */,
				5169B1301C39719C0073D35D /* Resources */,
			);
			buildRules = (
			);
			dependencies = (
			);
			name = Happiness;
			productName = Happiness;
			productReference = 5169B1321C39719C0073D35D /* Happiness.app */;
			productType = "com.apple.product-type.application";
		};
		5169B1451C39719C0073D35D /* HappinessTests */ = {
			isa = PBXNativeTarget;
			buildConfigurationList = 5169B15D1C39719C0073D35D /* Build configuration list for PBXNativeTarget "HappinessTests" */;
			buildPhases = (
				5169B1421C39719C0073D35D /* Sources */,
				5169B1431C39719C0073D35D /* Frameworks */,
				5169B1441C39719C0073D35D /* Resources */,
			);
			buildRules = (
			);
			dependencies = (
				5169B1481C39719C0073D35D /* PBXTargetDependency */,
			);
			name = HappinessTests;
			productName = HappinessTests;
			productReference = 5169B1461C39719C0073D35D /* HappinessTests.xctest */;
			productType = "com.apple.product-type.bundle.unit-test";
		};
		5169B1501C39719C0073D35D /* HappinessUITests */ = {
			isa = PBXNativeTarget;
			buildConfigurationList = 5169B1601C39719C0073D35D /* Build configuration list for PBXNativeTarget "HappinessUITests" */;
			buildPhases = (
				5169B14D1C39719C0073D35D /* Sources */,
				5169B14E1C39719C0073D35D /* Frameworks */,
				5169B14F1C39719C0073D35D /* Resources */,
			);
			buildRules = (
			);
			dependencies = (
				5169B1531C39719C0073D35D /* PBXTargetDependency */,
			);
			name = HappinessUITests;
			productName = HappinessUITests;
			productReference = 5169B1511C39719C0073D35D /* HappinessUITests.xctest */;
			productType = "com.apple.product-type.bundle.ui-testing";
		};
/* End PBXNativeTarget section */

/* Begin PBXProject section */
		5169B12A1C39719C0073D35D /* Project object */ = {
			isa = PBXProject;
			attributes = {
				LastSwiftUpdateCheck = 0720;
				LastUpgradeCheck = 0720;
				ORGANIZATIONNAME = "Hovering Above";
				TargetAttributes = {
					5169B1311C39719C0073D35D = {
						CreatedOnToolsVersion = 7.2;
					};
					5169B1451C39719C0073D35D = {
						CreatedOnToolsVersion = 7.2;
						TestTargetID = 5169B1311C39719C0073D35D;
					};
					5169B1501C39719C0073D35D = {
						CreatedOnToolsVersion = 7.2;
						TestTargetID = 5169B1311C39719C0073D35D;
					};
				};
			};
			buildConfigurationList = 5169B12D1C39719C0073D35D /* Build configuration list for PBXProject "Happiness" */;
			compatibilityVersion = "Xcode 3.2";
			developmentRegion = English;
			hasScannedForEncodings = 0;
			knownRegions = (
				en,
				Base,
			);
			mainGroup = 5169B1291C39719C0073D35D;
			productRefGroup = 5169B1331C39719C0073D35D /* Products */;
			projectDirPath = "";
			projectRoot = "";
			targets = (
				5169B1311C39719C0073D35D /* Happiness */,
				5169B1451C39719C0073D35D /* HappinessTests */,
				5169B1501C39719C0073D35D /* HappinessUITests */,
			);
		};
/* End PBXProject section */

/* Begin PBXResourcesBuildPhase section */
		5169B1301C39719C0073D35D /* Resources */ = {
			isa = PBXResourcesBuildPhase;
			buildActionMask = 2147483647;
			files = (
				5169B1401C39719C0073D35D /* LaunchScreen.storyboard in Resources */,
				5169B13D1C39719C0073D35D /* Assets.xcassets in Resources */,
				5115C0411C3972350016B34A /* Main.storyboard in Resources */,
			);
			runOnlyForDeploymentPostprocessing = 0;
		};
		5169B1441C39719C0073D35D /* Resources */ = {
			isa = PBXResourcesBuildPhase;
			buildActionMask = 2147483647;
			files = (
			);
			runOnlyForDeploymentPostprocessing = 0;
		};
		5169B14F1C39719C0073D35D /* Resources */ = {
			isa = PBXResourcesBuildPhase;
			buildActionMask = 2147483647;
			files = (
			);
			runOnlyForDeploymentPostprocessing = 0;
		};
/* End PBXResourcesBuildPhase section */

/* Begin PBXSourcesBuildPhase section */
		5169B12E1C39719C0073D35D /* Sources */ = {
			isa = PBXSourcesBuildPhase;
			buildActionMask = 2147483647;
			files = (
				5115C0431C3972910016B34A /* HappinessViewController.swift in Sources */,
				5169B1361C39719C0073D35D /* AppDelegate.swift in Sources */,
				5115C0451C3973940016B34A /* FaceView.swift in Sources */,
			);
			runOnlyForDeploymentPostprocessing = 0;
		};
		5169B1421C39719C0073D35D /* Sources */ = {
			isa = PBXSourcesBuildPhase;
			buildActionMask = 2147483647;
			files = (
				5169B14B1C39719C0073D35D /* HappinessTests.swift in Sources */,
			);
			runOnlyForDeploymentPostprocessing = 0;
		};
		5169B14D1C39719C0073D35D /* Sources */ = {
			isa = PBXSourcesBuildPhase;
			buildActionMask = 2147483647;
			files = (
				5169B1561C39719C0073D35D /* HappinessUITests.swift in Sources */,
			);
			runOnlyForDeploymentPostprocessing = 0;
		};
/* End PBXSourcesBuildPhase section */

/* Begin PBXTargetDependency section */
		5169B1481C39719C0073D35D /* PBXTargetDependency */ = {
			isa = PBXTargetDependency;
			target = 5169B1311C39719C0073D35D /* Happiness */;
			targetProxy = 5169B1471C39719C0073D35D /* PBXContainerItemProxy */;
		};
		5169B1531C39719C0073D35D /* PBXTargetDependency */ = {
			isa = PBXTargetDependency;
			target = 5169B1311C39719C0073D35D /* Happiness */;
			targetProxy = 5169B1521C39719C0073D35D /* PBXContainerItemProxy */;
		};
/* End PBXTargetDependency section */

/* Begin PBXVariantGroup section */
		5169B13E1C39719C0073D35D /* LaunchScreen.storyboard */ = {
			isa = PBXVariantGroup;
			children = (
				5169B13F1C39719C0073D35D /* Base */,
			);
			name = LaunchScreen.storyboard;
			sourceTree = "<group>";
		};
/* End PBXVariantGroup section */

/* Begin XCBuildConfiguration section */
		5169B1581C39719C0073D35D /* Debug */ = {
			isa = XCBuildConfiguration;
			buildSettings = {
				ALWAYS_SEARCH_USER_PATHS = NO;
				CLANG_CXX_LANGUAGE_STANDARD = "gnu++0x";
				CLANG_CXX_LIBRARY = "libc++";
				CLANG_ENABLE_MODULES = YES;
				CLANG_ENABLE_OBJC_ARC = YES;
				CLANG_WARN_BOOL_CONVERSION = YES;
				CLANG_WARN_CONSTANT_CONVERSION = YES;
				CLANG_WARN_DIRECT_OBJC_ISA_USAGE = YES_ERROR;
				CLANG_WARN_EMPTY_BODY = YES;
				CLANG_WARN_ENUM_CONVERSION = YES;
				CLANG_WARN_INT_CONVERSION = YES;
				CLANG_WARN_OBJC_ROOT_CLASS = YES_ERROR;
				CLANG_WARN_UNREACHABLE_CODE = YES;
				CLANG_WARN__DUPLICATE_METHOD_MATCH = YES;
				"CODE_SIGN_IDENTITY[sdk=iphoneos*]" = "iPhone Developer";
				COPY_PHASE_STRIP = NO;
				DEBUG_INFORMATION_FORMAT = dwarf;
				ENABLE_STRICT_OBJC_MSGSEND = YES;
				ENABLE_TESTABILITY = YES;
				GCC_C_LANGUAGE_STANDARD = gnu99;
				GCC_DYNAMIC_NO_PIC = NO;
				GCC_NO_COMMON_BLOCKS = YES;
				GCC_OPTIMIZATION_LEVEL = 0;
				GCC_PREPROCESSOR_DEFINITIONS = (
					"DEBUG=1",
					"$(inherited)",
				);
				GCC_WARN_64_TO_32_BIT_CONVERSION = YES;
				GCC_WARN_ABOUT_RETURN_TYPE = YES_ERROR;
				GCC_WARN_UNDECLARED_SELECTOR = YES;
				GCC_WARN_UNINITIALIZED_AUTOS = YES_AGGRESSIVE;
				GCC_WARN_UNUSED_FUNCTION = YES;
				GCC_WARN_UNUSED_VARIABLE = YES;
				IPHONEOS_DEPLOYMENT_TARGET = 9.2;
				MTL_ENABLE_DEBUG_INFO = YES;
				ONLY_ACTIVE_ARCH = YES;
				SDKROOT = iphoneos;
				SWIFT_OPTIMIZATION_LEVEL = "-Onone";
				TARGETED_DEVICE_FAMILY = "1,2";
			};
			name = Debug;
		};
		5169B1591C39719C0073D35D /* Release */ = {
			isa = XCBuildConfiguration;
			buildSettings = {
				ALWAYS_SEARCH_USER_PATHS = NO;
				CLANG_CXX_LANGUAGE_STANDARD = "gnu++0x";
				CLANG_CXX_LIBRARY = "libc++";
				CLANG_ENABLE_MODULES = YES;
				CLANG_ENABLE_OBJC_ARC = YES;
				CLANG_WARN_BOOL_CONVERSION = YES;
				CLANG_WARN_CONSTANT_CONVERSION = YES;
				CLANG_WARN_DIRECT_OBJC_ISA_USAGE = YES_ERROR;
				CLANG_WARN_EMPTY_BODY = YES;
				CLANG_WARN_ENUM_CONVERSION = YES;
				CLANG_WARN_INT_CONVERSION = YES;
				CLANG_WARN_OBJC_ROOT_CLASS = YES_ERROR;
				CLANG_WARN_UNREACHABLE_CODE = YES;
				CLANG_WARN__DUPLICATE_METHOD_MATCH = YES;
				"CODE_SIGN_IDENTITY[sdk=iphoneos*]" = "iPhone Developer";
				COPY_PHASE_STRIP = NO;
				DEBUG_INFORMATION_FORMAT = "dwarf-with-dsym";
				ENABLE_NS_ASSERTIONS = NO;
				ENABLE_STRICT_OBJC_MSGSEND = YES;
				GCC_C_LANGUAGE_STANDARD = gnu99;
				GCC_NO_COMMON_BLOCKS = YES;
				GCC_WARN_64_TO_32_BIT_CONVERSION = YES;
				GCC_WARN_ABOUT_RETURN_TYPE = YES_ERROR;
				GCC_WARN_UNDECLARED_SELECTOR = YES;
				GCC_WARN_UNINITIALIZED_AUTOS = YES_AGGRESSIVE;
				GCC_WARN_UNUSED_FUNCTION = YES;
				GCC_WARN_UNUSED_VARIABLE = YES;
				IPHONEOS_DEPLOYMENT_TARGET = 9.2;
				MTL_ENABLE_DEBUG_INFO = NO;
				SDKROOT = iphoneos;
				TARGETED_DEVICE_FAMILY = "1,2";
				VALIDATE_PRODUCT = YES;
			};
			name = Release;
		};
		5169B15B1C39719C0073D35D /* Debug */ = {
			isa = XCBuildConfiguration;
			buildSettings = {
				ASSETCATALOG_COMPILER_APPICON_NAME = AppIcon;
				INFOPLIST_FILE = Happiness/Info.plist;
				LD_RUNPATH_SEARCH_PATHS = "$(inherited) @executable_path/Frameworks";
				PRODUCT_BUNDLE_IDENTIFIER = com.sivas.hoveringabove.Happiness;
				PRODUCT_NAME = "$(TARGET_NAME)";
			};
			name = Debug;
		};
		5169B15C1C39719C0073D35D /* Release */ = {
			isa = XCBuildConfiguration;
			buildSettings = {
				ASSETCATALOG_COMPILER_APPICON_NAME = AppIcon;
				INFOPLIST_FILE = Happiness/Info.plist;
				LD_RUNPATH_SEARCH_PATHS = "$(inherited) @executable_path/Frameworks";
				PRODUCT_BUNDLE_IDENTIFIER = com.sivas.hoveringabove.Happiness;
				PRODUCT_NAME = "$(TARGET_NAME)";
			};
			name = Release;
		};
		5169B15E1C39719C0073D35D /* Debug */ = {
			isa = XCBuildConfiguration;
			buildSettings = {
				BUNDLE_LOADER = "$(TEST_HOST)";
				INFOPLIST_FILE = HappinessTests/Info.plist;
				LD_RUNPATH_SEARCH_PATHS = "$(inherited) @executable_path/Frameworks @loader_path/Frameworks";
				PRODUCT_BUNDLE_IDENTIFIER = com.sivas.hoveringabove.HappinessTests;
				PRODUCT_NAME = "$(TARGET_NAME)";
				TEST_HOST = "$(BUILT_PRODUCTS_DIR)/Happiness.app/Happiness";
			};
			name = Debug;
		};
		5169B15F1C39719C0073D35D /* Release */ = {
			isa = XCBuildConfiguration;
			buildSettings = {
				BUNDLE_LOADER = "$(TEST_HOST)";
				INFOPLIST_FILE = HappinessTests/Info.plist;
				LD_RUNPATH_SEARCH_PATHS = "$(inherited) @executable_path/Frameworks @loader_path/Frameworks";
				PRODUCT_BUNDLE_IDENTIFIER = com.sivas.hoveringabove.HappinessTests;
				PRODUCT_NAME = "$(TARGET_NAME)";
				TEST_HOST = "$(BUILT_PRODUCTS_DIR)/Happiness.app/Happiness";
			};
			name = Release;
		};
		5169B1611C39719C0073D35D /* Debug */ = {
			isa = XCBuildConfiguration;
			buildSettings = {
				INFOPLIST_FILE = HappinessUITests/Info.plist;
				LD_RUNPATH_SEARCH_PATHS = "$(inherited) @executable_path/Frameworks @loader_path/Frameworks";
				PRODUCT_BUNDLE_IDENTIFIER = com.sivas.hoveringabove.HappinessUITests;
				PRODUCT_NAME = "$(TARGET_NAME)";
				TEST_TARGET_NAME = Happiness;
				USES_XCTRUNNER = YES;
			};
			name = Debug;
		};
		5169B1621C39719C0073D35D /* Release */ = {
			isa = XCBuildConfiguration;
			buildSettings = {
				INFOPLIST_FILE = HappinessUITests/Info.plist;
				LD_RUNPATH_SEARCH_PATHS = "$(inherited) @executable_path/Frameworks @loader_path/Frameworks";
				PRODUCT_BUNDLE_IDENTIFIER = com.sivas.hoveringabove.HappinessUITests;
				PRODUCT_NAME = "$(TARGET_NAME)";
				TEST_TARGET_NAME = Happiness;
				USES_XCTRUNNER = YES;
			};
			name = Release;
		};
/* End XCBuildConfiguration section */

/* Begin XCConfigurationList section */
		5169B12D1C39719C0073D35D /* Build configuration list for PBXProject "Happiness" */ = {
			isa = XCConfigurationList;
			buildConfigurations = (
				5169B1581C39719C0073D35D /* Debug */,
				5169B1591C39719C0073D35D /* Release */,
			);
			defaultConfigurationIsVisible = 0;
			defaultConfigurationName = Release;
		};
		5169B15A1C39719C0073D35D /* Build configuration list for PBXNativeTarget "Happiness" */ = {
			isa = XCConfigurationList;
			buildConfigurations = (
				5169B15B1C39719C0073D35D /* Debug */,
				5169B15C1C39719C0073D35D /* Release */,
			);
			defaultConfigurationIsVisible = 0;
			defaultConfigurationName = Release;
		};
		5169B15D1C39719C0073D35D /* Build configuration list for PBXNativeTarget "HappinessTests" */ = {
			isa = XCConfigurationList;
			buildConfigurations = (
				5169B15E1C39719C0073D35D /* Debug */,
				5169B15F1C39719C0073D35D /* Release */,
			);
			defaultConfigurationIsVisible = 0;
			defaultConfigurationName = Release;
		};
		5169B1601C39719C0073D35D /* Build configuration list for PBXNativeTarget "HappinessUITests" */ = {
			isa = XCConfigurationList;
			buildConfigurations = (
				5169B1611C39719C0073D35D /* Debug */,
				5169B1621C39719C0073D35D /* Release */,
			);
			defaultConfigurationIsVisible = 0;
			defaultConfigurationName = Release;
		};
/* End XCConfigurationList section */
	};
	rootObject = 5169B12A1C39719C0073D35D /* Project object */;
}
